
Microsoft Visual Studio Solution File, Format Version 12.00
# Visual Studio 2012
VisualStudioVersion = 14.0.24720.0
MinimumVisualStudioVersion = 10.0.40219.1
Project("{FAE04EC0-301F-11D3-BF4B-00C04F79EFBC}") = "CIV.Sample", "CIV.Sample\CIV.Sample.csproj", "{DB558A87-274A-4904-818E-7F958DDC6641}"
EndProject
Project("{2150E333-8FDC-42A3-9474-1A3956D46DE8}") = "Solution Items", "Solution Items", "{F35C6410-53F7-4DCC-BC3C-FC465516C761}"
	ProjectSection(SolutionItems) = preProject
		LICENSE.md = LICENSE.md
		README.md = README.md
		screenshot.png = screenshot.png
	EndProjectSection
EndProject
Project("{FAE04EC0-301F-11D3-BF4B-00C04F79EFBC}") = "blocke.circleimageview", "blocke.circleimageview\blocke.circleimageview.csproj", "{4DD58C16-66CE-4373-918A-0FD6E83DC1B3}"
EndProject
Global
	GlobalSection(SolutionConfigurationPlatforms) = preSolution
		Debug|Any CPU = Debug|Any CPU
		Debug|x86 = Debug|x86
		Release|Any CPU = Release|Any CPU
		Release|x86 = Release|x86
	EndGlobalSection
	GlobalSection(ProjectConfigurationPlatforms) = postSolution
		{4DD58C16-66CE-4373-918A-0FD6E83DC1B3}.Debug|Any CPU.ActiveCfg = Debug|Any CPU
		{4DD58C16-66CE-4373-918A-0FD6E83DC1B3}.Debug|Any CPU.Build.0 = Debug|Any CPU
		{4DD58C16-66CE-4373-918A-0FD6E83DC1B3}.Debug|x86.ActiveCfg = Debug|Any CPU
		{4DD58C16-66CE-4373-918A-0FD6E83DC1B3}.Debug|x86.Build.0 = Debug|Any CPU
		{4DD58C16-66CE-4373-918A-0FD6E83DC1B3}.Release|Any CPU.ActiveCfg = Release|Any CPU
		{4DD58C16-66CE-4373-918A-0FD6E83DC1B3}.Release|Any CPU.Build.0 = Release|Any CPU
		{4DD58C16-66CE-4373-918A-0FD6E83DC1B3}.Release|x86.ActiveCfg = Release|Any CPU
		{4DD58C16-66CE-4373-918A-0FD6E83DC1B3}.Release|x86.Build.0 = Release|Any CPU
		{DB558A87-274A-4904-818E-7F958DDC6641}.Debug|Any CPU.ActiveCfg = Debug|Any CPU
		{DB558A87-274A-4904-818E-7F958DDC6641}.Debug|Any CPU.Build.0 = Debug|Any CPU
		{DB558A87-274A-4904-818E-7F958DDC6641}.Debug|Any CPU.Deploy.0 = Debug|Any CPU
		{DB558A87-274A-4904-818E-7F958DDC6641}.Debug|x86.ActiveCfg = Debug|Any CPU
		{DB558A87-274A-4904-818E-7F958DDC6641}.Debug|x86.Build.0 = Debug|Any CPU
		{DB558A87-274A-4904-818E-7F958DDC6641}.Debug|x86.Deploy.0 = Debug|Any CPU
		{DB558A87-274A-4904-818E-7F958DDC6641}.Release|Any CPU.ActiveCfg = Release|Any CPU
		{DB558A87-274A-4904-818E-7F958DDC6641}.Release|Any CPU.Build.0 = Release|Any CPU
		{DB558A87-274A-4904-818E-7F958DDC6641}.Release|Any CPU.Deploy.0 = Release|Any CPU
		{DB558A87-274A-4904-818E-7F958DDC6641}.Release|x86.ActiveCfg = Release|Any CPU
		{DB558A87-274A-4904-818E-7F958DDC6641}.Release|x86.Build.0 = Release|Any CPU
		{DB558A87-274A-4904-818E-7F958DDC6641}.Release|x86.Deploy.0 = Release|Any CPU
	EndGlobalSection
	GlobalSection(NestedProjects) = preSolution
	EndGlobalSection
	GlobalSection(SolutionProperties) = preSolution
		HideSolutionNode = FALSE
	EndGlobalSection
EndGlobal
